
Microsoft Visual Studio Solution File, Format Version 12.00
# Visual Studio Version 17
VisualStudioVersion = 17.4.33205.214
MinimumVisualStudioVersion = 10.0.40219.1
Project("{FAE04EC0-301F-11D3-BF4B-00C04F79EFBC}") = "MagicVilla_API", "MagicVilla_API\MagicVilla_API.csproj", "{AA267A04-B290-478D-B9FA-97F8CE1F94B8}"
EndProject
Global
	GlobalSection(SolutionConfigurationPlatforms) = preSolution
		Debug|Any CPU = Debug|Any CPU
		Release|Any CPU = Release|Any CPU
	EndGlobalSection
	GlobalSection(ProjectConfigurationPlatforms) = postSolution
		{AA267A04-B290-478D-B9FA-97F8CE1F94B8}.Debug|Any CPU.ActiveCfg = Debug|Any CPU
		{AA267A04-B290-478D-B9FA-97F8CE1F94B8}.Debug|Any CPU.Build.0 = Debug|Any CPU
		{AA267A04-B290-478D-B9FA-97F8CE1F94B8}.Release|Any CPU.ActiveCfg = Release|Any CPU
		{AA267A04-B290-478D-B9FA-97F8CE1F94B8}.Release|Any CPU.Build.0 = Release|Any CPU
	EndGlobalSection
	GlobalSection(SolutionProperties) = preSolution
		HideSolutionNode = FALSE
	EndGlobalSection
	GlobalSection(ExtensibilityGlobals) = postSolution
		SolutionGuid = {8E8BB731-F547-4E27-9361-F8DABEEAC78E}
	EndGlobalSection
EndGlobal
